// !$*UTF8*$!
{
	archiveVersion = 1;
	classes = {
	};
	objectVersion = 56;
	objects = {

/* Begin PBXBuildFile section */
		32253AF22BEDE10B008269D1 /* EMSAP Firebase GoogleService-Info.plist in Resources */ = {isa = PBXBuildFile; fileRef = 32253AF12BEDE10B008269D1 /* EMSAP Firebase GoogleService-Info.plist */; };
		32253AF52BEDE1CC008269D1 /* FirebaseAnalytics in Frameworks */ = {isa = PBXBuildFile; productRef = 32253AF42BEDE1CC008269D1 /* FirebaseAnalytics */; };
		BABB205D2BA2B283000ED91A /* EMSAP.xcdatamodeld in Sources */ = {isa = PBXBuildFile; fileRef = BABB205B2BA2B283000ED91A /* EMSAP.xcdatamodeld */; };
		BABB20842BA2B2C9000ED91A /* Assets.xcassets in Resources */ = {isa = PBXBuildFile; fileRef = BABB20802BA2B2C9000ED91A /* Assets.xcassets */; };
		BABB20852BA2B2C9000ED91A /* AppDelegate.swift in Sources */ = {isa = PBXBuildFile; fileRef = BABB20812BA2B2C9000ED91A /* AppDelegate.swift */; };
		BABB20862BA2B2C9000ED91A /* ContentView.swift in Sources */ = {isa = PBXBuildFile; fileRef = BABB20822BA2B2C9000ED91A /* ContentView.swift */; };
		BABB208A2BA2B85A000ED91A /* LaunchScreen.storyboard in Resources */ = {isa = PBXBuildFile; fileRef = BABB20892BA2B85A000ED91A /* LaunchScreen.storyboard */; };
/* End PBXBuildFile section */

/* Begin PBXContainerItemProxy section */
		BABB20632BA2B283000ED91A /* PBXContainerItemProxy */ = {
			isa = PBXContainerItemProxy;
			containerPortal = BABB20452BA2B282000ED91A /* Project object */;
			proxyType = 1;
			remoteGlobalIDString = BABB204C2BA2B282000ED91A;
			remoteInfo = EMSAP;
		};
		BABB206D2BA2B283000ED91A /* PBXContainerItemProxy */ = {
			isa = PBXContainerItemProxy;
			containerPortal = BABB20452BA2B282000ED91A /* Project object */;
			proxyType = 1;
			remoteGlobalIDString = BABB204C2BA2B282000ED91A;
			remoteInfo = EMSAP;
		};
/* End PBXContainerItemProxy section */

/* Begin PBXFileReference section */
		32253AF12BEDE10B008269D1 /* EMSAP Firebase GoogleService-Info.plist */ = {isa = PBXFileReference; fileEncoding = 4; lastKnownFileType = text.plist.xml; name = "EMSAP Firebase GoogleService-Info.plist"; path = "../../Downloads/EMSAP Firebase GoogleService-Info.plist"; sourceTree = "<group>"; };
		BABB204D2BA2B282000ED91A /* EMSAP.app */ = {isa = PBXFileReference; explicitFileType = wrapper.application; includeInIndex = 0; path = EMSAP.app; sourceTree = BUILT_PRODUCTS_DIR; };
		BABB205C2BA2B283000ED91A /* EMSAP.xcdatamodel */ = {isa = PBXFileReference; lastKnownFileType = wrapper.xcdatamodel; path = EMSAP.xcdatamodel; sourceTree = "<group>"; };
		BABB20622BA2B283000ED91A /* EMSAPTests.xctest */ = {isa = PBXFileReference; explicitFileType = wrapper.cfbundle; includeInIndex = 0; path = EMSAPTests.xctest; sourceTree = BUILT_PRODUCTS_DIR; };
		BABB206C2BA2B283000ED91A /* EMSAPUITests.xctest */ = {isa = PBXFileReference; explicitFileType = wrapper.cfbundle; includeInIndex = 0; path = EMSAPUITests.xctest; sourceTree = BUILT_PRODUCTS_DIR; };
		BABB20802BA2B2C9000ED91A /* Assets.xcassets */ = {isa = PBXFileReference; lastKnownFileType = folder.assetcatalog; path = Assets.xcassets; sourceTree = "<group>"; };
		BABB20812BA2B2C9000ED91A /* AppDelegate.swift */ = {isa = PBXFileReference; fileEncoding = 4; lastKnownFileType = sourcecode.swift; path = AppDelegate.swift; sourceTree = "<group>"; };
		BABB20822BA2B2C9000ED91A /* ContentView.swift */ = {isa = PBXFileReference; fileEncoding = 4; lastKnownFileType = sourcecode.swift; path = ContentView.swift; sourceTree = "<group>"; };
		BABB20892BA2B85A000ED91A /* LaunchScreen.storyboard */ = {isa = PBXFileReference; fileEncoding = 4; lastKnownFileType = file.storyboard; path = LaunchScreen.storyboard; sourceTree = "<group>"; };
		BABB208D2BA2B8AF000ED91A /* Info.plist */ = {isa = PBXFileReference; lastKnownFileType = text.plist; path = Info.plist; sourceTree = "<group>"; };
/* End PBXFileReference section */

/* Begin PBXFrameworksBuildPhase section */
		BABB204A2BA2B282000ED91A /* Frameworks */ = {
			isa = PBXFrameworksBuildPhase;
			buildActionMask = 2147483647;
			files = (
				32253AF52BEDE1CC008269D1 /* FirebaseAnalytics in Frameworks */,
			);
			runOnlyForDeploymentPostprocessing = 0;
		};
		BABB205F2BA2B283000ED91A /* Frameworks */ = {
			isa = PBXFrameworksBuildPhase;
			buildActionMask = 2147483647;
			files = (
			);
			runOnlyForDeploymentPostprocessing = 0;
		};
		BABB20692BA2B283000ED91A /* Frameworks */ = {
			isa = PBXFrameworksBuildPhase;
			buildActionMask = 2147483647;
			files = (
			);
			runOnlyForDeploymentPostprocessing = 0;
		};
/* End PBXFrameworksBuildPhase section */

/* Begin PBXGroup section */
		BABB20442BA2B282000ED91A = {
			isa = PBXGroup;
			children = (
				BABB204F2BA2B282000ED91A /* EMSAP */,
				BABB204E2BA2B282000ED91A /* Products */,
			);
			sourceTree = "<group>";
		};
		BABB204E2BA2B282000ED91A /* Products */ = {
			isa = PBXGroup;
			children = (
				BABB204D2BA2B282000ED91A /* EMSAP.app */,
				BABB20622BA2B283000ED91A /* EMSAPTests.xctest */,
				BABB206C2BA2B283000ED91A /* EMSAPUITests.xctest */,
			);
			name = Products;
			sourceTree = "<group>";
		};
		BABB204F2BA2B282000ED91A /* EMSAP */ = {
			isa = PBXGroup;
			children = (
				BABB208D2BA2B8AF000ED91A /* Info.plist */,
				32253AF12BEDE10B008269D1 /* EMSAP Firebase GoogleService-Info.plist */,
				BABB20812BA2B2C9000ED91A /* AppDelegate.swift */,
				BABB20822BA2B2C9000ED91A /* ContentView.swift */,
				BABB20802BA2B2C9000ED91A /* Assets.xcassets */,
				BABB20892BA2B85A000ED91A /* LaunchScreen.storyboard */,
				BABB205B2BA2B283000ED91A /* EMSAP.xcdatamodeld */,
			);
			path = EMSAP;
			sourceTree = "<group>";
		};
/* End PBXGroup section */

/* Begin PBXNativeTarget section */
		BABB204C2BA2B282000ED91A /* EMSAP */ = {
			isa = PBXNativeTarget;
			buildConfigurationList = BABB20762BA2B283000ED91A /* Build configuration list for PBXNativeTarget "EMSAP" */;
			buildPhases = (
				BABB20492BA2B282000ED91A /* Sources */,
				BABB204A2BA2B282000ED91A /* Frameworks */,
				BABB204B2BA2B282000ED91A /* Resources */,
			);
			buildRules = (
			);
			dependencies = (
			);
			name = EMSAP;
			packageProductDependencies = (
				32253AF42BEDE1CC008269D1 /* FirebaseAnalytics */,
			);
			productName = EMSAP;
			productReference = BABB204D2BA2B282000ED91A /* EMSAP.app */;
			productType = "com.apple.product-type.application";
		};
		BABB20612BA2B283000ED91A /* EMSAPTests */ = {
			isa = PBXNativeTarget;
			buildConfigurationList = BABB20792BA2B283000ED91A /* Build configuration list for PBXNativeTarget "EMSAPTests" */;
			buildPhases = (
				BABB205E2BA2B283000ED91A /* Sources */,
				BABB205F2BA2B283000ED91A /* Frameworks */,
				BABB20602BA2B283000ED91A /* Resources */,
			);
			buildRules = (
			);
			dependencies = (
				BABB20642BA2B283000ED91A /* PBXTargetDependency */,
			);
			name = EMSAPTests;
			productName = EMSAPTests;
			productReference = BABB20622BA2B283000ED91A /* EMSAPTests.xctest */;
			productType = "com.apple.product-type.bundle.unit-test";
		};
		BABB206B2BA2B283000ED91A /* EMSAPUITests */ = {
			isa = PBXNativeTarget;
			buildConfigurationList = BABB207C2BA2B283000ED91A /* Build configuration list for PBXNativeTarget "EMSAPUITests" */;
			buildPhases = (
				BABB20682BA2B283000ED91A /* Sources */,
				BABB20692BA2B283000ED91A /* Frameworks */,
				BABB206A2BA2B283000ED91A /* Resources */,
			);
			buildRules = (
			);
			dependencies = (
				BABB206E2BA2B283000ED91A /* PBXTargetDependency */,
			);
			name = EMSAPUITests;
			productName = EMSAPUITests;
			productReference = BABB206C2BA2B283000ED91A /* EMSAPUITests.xctest */;
			productType = "com.apple.product-type.bundle.ui-testing";
		};
/* End PBXNativeTarget section */

/* Begin PBXProject section */
		BABB20452BA2B282000ED91A /* Project object */ = {
			isa = PBXProject;
			attributes = {
				BuildIndependentTargetsInParallel = NO;
				LastSwiftUpdateCheck = 1420;
				LastUpgradeCheck = 1420;
				TargetAttributes = {
					BABB204C2BA2B282000ED91A = {
						CreatedOnToolsVersion = 14.2;
					};
					BABB20612BA2B283000ED91A = {
						CreatedOnToolsVersion = 14.2;
						TestTargetID = BABB204C2BA2B282000ED91A;
					};
					BABB206B2BA2B283000ED91A = {
						CreatedOnToolsVersion = 14.2;
						TestTargetID = BABB204C2BA2B282000ED91A;
					};
				};
			};
			buildConfigurationList = BABB20482BA2B282000ED91A /* Build configuration list for PBXProject "EMSAP" */;
			compatibilityVersion = "Xcode 14.0";
			developmentRegion = en;
			hasScannedForEncodings = 0;
			knownRegions = (
				en,
				Base,
			);
			mainGroup = BABB20442BA2B282000ED91A;
			packageReferences = (
				32253AF32BEDE1CC008269D1 /* XCRemoteSwiftPackageReference "firebase-ios-sdk" */,
			);
			productRefGroup = BABB204E2BA2B282000ED91A /* Products */;
			projectDirPath = "";
			projectRoot = "";
			targets = (
				BABB204C2BA2B282000ED91A /* EMSAP */,
				BABB20612BA2B283000ED91A /* EMSAPTests */,
				BABB206B2BA2B283000ED91A /* EMSAPUITests */,
			);
		};
/* End PBXProject section */

/* Begin PBXResourcesBuildPhase section */
		BABB204B2BA2B282000ED91A /* Resources */ = {
			isa = PBXResourcesBuildPhase;
			buildActionMask = 2147483647;
			files = (
				BABB208A2BA2B85A000ED91A /* LaunchScreen.storyboard in Resources */,
				BABB20842BA2B2C9000ED91A /* Assets.xcassets in Resources */,
				32253AF22BEDE10B008269D1 /* EMSAP Firebase GoogleService-Info.plist in Resources */,
			);
			runOnlyForDeploymentPostprocessing = 0;
		};
		BABB20602BA2B283000ED91A /* Resources */ = {
			isa = PBXResourcesBuildPhase;
			buildActionMask = 2147483647;
			files = (
			);
			runOnlyForDeploymentPostprocessing = 0;
		};
		BABB206A2BA2B283000ED91A /* Resources */ = {
			isa = PBXResourcesBuildPhase;
			buildActionMask = 2147483647;
			files = (
			);
			runOnlyForDeploymentPostprocessing = 0;
		};
/* End PBXResourcesBuildPhase section */

/* Begin PBXSourcesBuildPhase section */
		BABB20492BA2B282000ED91A /* Sources */ = {
			isa = PBXSourcesBuildPhase;
			buildActionMask = 2147483647;
			files = (
				BABB20852BA2B2C9000ED91A /* AppDelegate.swift in Sources */,
				BABB20862BA2B2C9000ED91A /* ContentView.swift in Sources */,
				BABB205D2BA2B283000ED91A /* EMSAP.xcdatamodeld in Sources */,
			);
			runOnlyForDeploymentPostprocessing = 0;
		};
		BABB205E2BA2B283000ED91A /* Sources */ = {
			isa = PBXSourcesBuildPhase;
			buildActionMask = 2147483647;
			files = (
			);
			runOnlyForDeploymentPostprocessing = 0;
		};
		BABB20682BA2B283000ED91A /* Sources */ = {
			isa = PBXSourcesBuildPhase;
			buildActionMask = 2147483647;
			files = (
			);
			runOnlyForDeploymentPostprocessing = 0;
		};
/* End PBXSourcesBuildPhase section */

/* Begin PBXTargetDependency section */
		BABB20642BA2B283000ED91A /* PBXTargetDependency */ = {
			isa = PBXTargetDependency;
			target = BABB204C2BA2B282000ED91A /* EMSAP */;
			targetProxy = BABB20632BA2B283000ED91A /* PBXContainerItemProxy */;
		};
		BABB206E2BA2B283000ED91A /* PBXTargetDependency */ = {
			isa = PBXTargetDependency;
			target = BABB204C2BA2B282000ED91A /* EMSAP */;
			targetProxy = BABB206D2BA2B283000ED91A /* PBXContainerItemProxy */;
		};
/* End PBXTargetDependency section */

/* Begin XCBuildConfiguration section */
		BABB20742BA2B283000ED91A /* Debug */ = {
			isa = XCBuildConfiguration;
			buildSettings = {
				ALWAYS_SEARCH_USER_PATHS = NO;
				CLANG_ANALYZER_NONNULL = YES;
				CLANG_ANALYZER_NUMBER_OBJECT_CONVERSION = YES_AGGRESSIVE;
				CLANG_CXX_LANGUAGE_STANDARD = "gnu++20";
				CLANG_ENABLE_MODULES = YES;
				CLANG_ENABLE_OBJC_ARC = YES;
				CLANG_ENABLE_OBJC_WEAK = YES;
				CLANG_WARN_BLOCK_CAPTURE_AUTORELEASING = YES;
				CLANG_WARN_BOOL_CONVERSION = YES;
				CLANG_WARN_COMMA = YES;
				CLANG_WARN_CONSTANT_CONVERSION = YES;
				CLANG_WARN_DEPRECATED_OBJC_IMPLEMENTATIONS = YES;
				CLANG_WARN_DIRECT_OBJC_ISA_USAGE = YES_ERROR;
				CLANG_WARN_DOCUMENTATION_COMMENTS = YES;
				CLANG_WARN_EMPTY_BODY = YES;
				CLANG_WARN_ENUM_CONVERSION = YES;
				CLANG_WARN_INFINITE_RECURSION = YES;
				CLANG_WARN_INT_CONVERSION = YES;
				CLANG_WARN_NON_LITERAL_NULL_CONVERSION = YES;
				CLANG_WARN_OBJC_IMPLICIT_RETAIN_SELF = YES;
				CLANG_WARN_OBJC_LITERAL_CONVERSION = YES;
				CLANG_WARN_OBJC_ROOT_CLASS = YES_ERROR;
				CLANG_WARN_QUOTED_INCLUDE_IN_FRAMEWORK_HEADER = YES;
				CLANG_WARN_RANGE_LOOP_ANALYSIS = YES;
				CLANG_WARN_STRICT_PROTOTYPES = YES;
				CLANG_WARN_SUSPICIOUS_MOVE = YES;
				CLANG_WARN_UNGUARDED_AVAILABILITY = YES_AGGRESSIVE;
				CLANG_WARN_UNREACHABLE_CODE = YES;
				CLANG_WARN__DUPLICATE_METHOD_MATCH = YES;
				COPY_PHASE_STRIP = NO;
				DEBUG_INFORMATION_FORMAT = dwarf;
				ENABLE_STRICT_OBJC_MSGSEND = YES;
				ENABLE_TESTABILITY = YES;
				GCC_C_LANGUAGE_STANDARD = gnu11;
				GCC_DYNAMIC_NO_PIC = NO;
				GCC_NO_COMMON_BLOCKS = YES;
				GCC_OPTIMIZATION_LEVEL = 0;
				GCC_PREPROCESSOR_DEFINITIONS = (
					"DEBUG=1",
					"$(inherited)",
				);
				GCC_WARN_64_TO_32_BIT_CONVERSION = YES;
				GCC_WARN_ABOUT_RETURN_TYPE = YES_ERROR;
				GCC_WARN_UNDECLARED_SELECTOR = YES;
				GCC_WARN_UNINITIALIZED_AUTOS = YES_AGGRESSIVE;
				GCC_WARN_UNUSED_FUNCTION = YES;
				GCC_WARN_UNUSED_VARIABLE = YES;
				IPHONEOS_DEPLOYMENT_TARGET = 14.3;
				MTL_ENABLE_DEBUG_INFO = INCLUDE_SOURCE;
				MTL_FAST_MATH = YES;
				ONLY_ACTIVE_ARCH = YES;
				SDKROOT = iphoneos;
				SWIFT_ACTIVE_COMPILATION_CONDITIONS = DEBUG;
				SWIFT_OPTIMIZATION_LEVEL = "-Onone";
			};
			name = Debug;
		};
		BABB20752BA2B283000ED91A /* Release */ = {
			isa = XCBuildConfiguration;
			buildSettings = {
				ALWAYS_SEARCH_USER_PATHS = NO;
				CLANG_ANALYZER_NONNULL = YES;
				CLANG_ANALYZER_NUMBER_OBJECT_CONVERSION = YES_AGGRESSIVE;
				CLANG_CXX_LANGUAGE_STANDARD = "gnu++20";
				CLANG_ENABLE_MODULES = YES;
				CLANG_ENABLE_OBJC_ARC = YES;
				CLANG_ENABLE_OBJC_WEAK = YES;
				CLANG_WARN_BLOCK_CAPTURE_AUTORELEASING = YES;
				CLANG_WARN_BOOL_CONVERSION = YES;
				CLANG_WARN_COMMA = YES;
				CLANG_WARN_CONSTANT_CONVERSION = YES;
				CLANG_WARN_DEPRECATED_OBJC_IMPLEMENTATIONS = YES;
				CLANG_WARN_DIRECT_OBJC_ISA_USAGE = YES_ERROR;
				CLANG_WARN_DOCUMENTATION_COMMENTS = YES;
				CLANG_WARN_EMPTY_BODY = YES;
				CLANG_WARN_ENUM_CONVERSION = YES;
				CLANG_WARN_INFINITE_RECURSION = YES;
				CLANG_WARN_INT_CONVERSION = YES;
				CLANG_WARN_NON_LITERAL_NULL_CONVERSION = YES;
				CLANG_WARN_OBJC_IMPLICIT_RETAIN_SELF = YES;
				CLANG_WARN_OBJC_LITERAL_CONVERSION = YES;
				CLANG_WARN_OBJC_ROOT_CLASS = YES_ERROR;
				CLANG_WARN_QUOTED_INCLUDE_IN_FRAMEWORK_HEADER = YES;
				CLANG_WARN_RANGE_LOOP_ANALYSIS = YES;
				CLANG_WARN_STRICT_PROTOTYPES = YES;
				CLANG_WARN_SUSPICIOUS_MOVE = YES;
				CLANG_WARN_UNGUARDED_AVAILABILITY = YES_AGGRESSIVE;
				CLANG_WARN_UNREACHABLE_CODE = YES;
				CLANG_WARN__DUPLICATE_METHOD_MATCH = YES;
				COPY_PHASE_STRIP = NO;
				DEBUG_INFORMATION_FORMAT = "dwarf-with-dsym";
				ENABLE_NS_ASSERTIONS = NO;
				ENABLE_STRICT_OBJC_MSGSEND = YES;
				GCC_C_LANGUAGE_STANDARD = gnu11;
				GCC_NO_COMMON_BLOCKS = YES;
				GCC_WARN_64_TO_32_BIT_CONVERSION = YES;
				GCC_WARN_ABOUT_RETURN_TYPE = YES_ERROR;
				GCC_WARN_UNDECLARED_SELECTOR = YES;
				GCC_WARN_UNINITIALIZED_AUTOS = YES_AGGRESSIVE;
				GCC_WARN_UNUSED_FUNCTION = YES;
				GCC_WARN_UNUSED_VARIABLE = YES;
				IPHONEOS_DEPLOYMENT_TARGET = 14.3;
				MTL_ENABLE_DEBUG_INFO = NO;
				MTL_FAST_MATH = YES;
				SDKROOT = iphoneos;
				SWIFT_COMPILATION_MODE = wholemodule;
				SWIFT_OPTIMIZATION_LEVEL = "-O";
				VALIDATE_PRODUCT = YES;
			};
			name = Release;
		};
		BABB20772BA2B283000ED91A /* Debug */ = {
			isa = XCBuildConfiguration;
			buildSettings = {
				ASSETCATALOG_COMPILER_APPICON_NAME = AppIcon;
				ASSETCATALOG_COMPILER_GLOBAL_ACCENT_COLOR_NAME = AccentColor;
				CODE_SIGN_STYLE = Automatic;
				CURRENT_PROJECT_VERSION = 1;
				DEVELOPMENT_ASSET_PATHS = "\"EMSAP/Preview Content\"";
				DEVELOPMENT_TEAM = C4KB8448J2;
				ENABLE_PREVIEWS = YES;
				GENERATE_INFOPLIST_FILE = YES;
				INFOPLIST_FILE = EMSAP/Info.plist;
				INFOPLIST_KEY_NSLocationAlwaysAndWhenInUseUsageDescription = "For collecting pressure data even in the background, this application needs to access your location data.";
				INFOPLIST_KEY_NSLocationWhenInUseUsageDescription = "For collecting pressure data, this application needs to access your location data.";
				INFOPLIST_KEY_UIApplicationSupportsIndirectInputEvents = YES;
				INFOPLIST_KEY_UILaunchScreen_Generation = YES;
				INFOPLIST_KEY_UILaunchStoryboardName = LaunchScreen;
				INFOPLIST_KEY_UIRequiredDeviceCapabilities = armv7;
				INFOPLIST_KEY_UISupportedInterfaceOrientations = "UIInterfaceOrientationPortrait UIInterfaceOrientationLandscapeLeft UIInterfaceOrientationLandscapeRight";
				INFOPLIST_KEY_UISupportedInterfaceOrientations_iPad = "UIInterfaceOrientationPortrait UIInterfaceOrientationPortraitUpsideDown UIInterfaceOrientationLandscapeLeft UIInterfaceOrientationLandscapeRight";
				IPHONEOS_DEPLOYMENT_TARGET = 14.3;
				LD_RUNPATH_SEARCH_PATHS = (
					"$(inherited)",
					"@executable_path/Frameworks",
				);
				MARKETING_VERSION = 1.0;
				PRODUCT_BUNDLE_IDENTIFIER = EMSAP;
				PRODUCT_NAME = "$(TARGET_NAME)";
				SWIFT_EMIT_LOC_STRINGS = YES;
				SWIFT_VERSION = 5.0;
				TARGETED_DEVICE_FAMILY = "1,2";
			};
			name = Debug;
		};
		BABB20782BA2B283000ED91A /* Release */ = {
			isa = XCBuildConfiguration;
			buildSettings = {
				ASSETCATALOG_COMPILER_APPICON_NAME = AppIcon;
				ASSETCATALOG_COMPILER_GLOBAL_ACCENT_COLOR_NAME = AccentColor;
				CODE_SIGN_STYLE = Automatic;
				CURRENT_PROJECT_VERSION = 1;
				DEVELOPMENT_ASSET_PATHS = "\"EMSAP/Preview Content\"";
				DEVELOPMENT_TEAM = C4KB8448J2;
				ENABLE_PREVIEWS = YES;
				GENERATE_INFOPLIST_FILE = YES;
				INFOPLIST_FILE = EMSAP/Info.plist;
				INFOPLIST_KEY_NSLocationAlwaysAndWhenInUseUsageDescription = "For collecting pressure data even in the background, this application needs to access your location data.";
				INFOPLIST_KEY_NSLocationWhenInUseUsageDescription = "For collecting pressure data, this application needs to access your location data.";
				INFOPLIST_KEY_UIApplicationSupportsIndirectInputEvents = YES;
				INFOPLIST_KEY_UILaunchScreen_Generation = YES;
				INFOPLIST_KEY_UILaunchStoryboardName = LaunchScreen;
				INFOPLIST_KEY_UIRequiredDeviceCapabilities = armv7;
				INFOPLIST_KEY_UISupportedInterfaceOrientations = "UIInterfaceOrientationPortrait UIInterfaceOrientationLandscapeLeft UIInterfaceOrientationLandscapeRight";
				INFOPLIST_KEY_UISupportedInterfaceOrientations_iPad = "UIInterfaceOrientationPortrait UIInterfaceOrientationPortraitUpsideDown UIInterfaceOrientationLandscapeLeft UIInterfaceOrientationLandscapeRight";
				IPHONEOS_DEPLOYMENT_TARGET = 14.3;
				LD_RUNPATH_SEARCH_PATHS = (
					"$(inherited)",
					"@executable_path/Frameworks",
				);
				MARKETING_VERSION = 1.0;
				PRODUCT_BUNDLE_IDENTIFIER = EMSAP;
				PRODUCT_NAME = "$(TARGET_NAME)";
				SWIFT_EMIT_LOC_STRINGS = YES;
				SWIFT_VERSION = 5.0;
				TARGETED_DEVICE_FAMILY = "1,2";
			};
			name = Release;
		};
		BABB207A2BA2B283000ED91A /* Debug */ = {
			isa = XCBuildConfiguration;
			buildSettings = {
				ALWAYS_EMBED_SWIFT_STANDARD_LIBRARIES = YES;
				BUNDLE_LOADER = "$(TEST_HOST)";
				CODE_SIGN_STYLE = Automatic;
				CURRENT_PROJECT_VERSION = 1;
				GENERATE_INFOPLIST_FILE = YES;
				IPHONEOS_DEPLOYMENT_TARGET = 16.2;
				MARKETING_VERSION = 1.0;
				PRODUCT_BUNDLE_IDENTIFIER = com.test.background.EMSAPTests;
				PRODUCT_NAME = "$(TARGET_NAME)";
				SWIFT_EMIT_LOC_STRINGS = NO;
				SWIFT_VERSION = 5.0;
				TARGETED_DEVICE_FAMILY = "1,2";
				TEST_HOST = "$(BUILT_PRODUCTS_DIR)/EMSAP.app/$(BUNDLE_EXECUTABLE_FOLDER_PATH)/EMSAP";
			};
			name = Debug;
		};
		BABB207B2BA2B283000ED91A /* Release */ = {
			isa = XCBuildConfiguration;
			buildSettings = {
				ALWAYS_EMBED_SWIFT_STANDARD_LIBRARIES = YES;
				BUNDLE_LOADER = "$(TEST_HOST)";
				CODE_SIGN_STYLE = Automatic;
				CURRENT_PROJECT_VERSION = 1;
				GENERATE_INFOPLIST_FILE = YES;
				IPHONEOS_DEPLOYMENT_TARGET = 16.2;
				MARKETING_VERSION = 1.0;
				PRODUCT_BUNDLE_IDENTIFIER = com.test.background.EMSAPTests;
				PRODUCT_NAME = "$(TARGET_NAME)";
				SWIFT_EMIT_LOC_STRINGS = NO;
				SWIFT_VERSION = 5.0;
				TARGETED_DEVICE_FAMILY = "1,2";
				TEST_HOST = "$(BUILT_PRODUCTS_DIR)/EMSAP.app/$(BUNDLE_EXECUTABLE_FOLDER_PATH)/EMSAP";
			};
			name = Release;
		};
		BABB207D2BA2B283000ED91A /* Debug */ = {
			isa = XCBuildConfiguration;
			buildSettings = {
				ALWAYS_EMBED_SWIFT_STANDARD_LIBRARIES = YES;
				CODE_SIGN_STYLE = Automatic;
				CURRENT_PROJECT_VERSION = 1;
				GENERATE_INFOPLIST_FILE = YES;
				MARKETING_VERSION = 1.0;
				PRODUCT_BUNDLE_IDENTIFIER = com.test.background.EMSAPUITests;
				PRODUCT_NAME = "$(TARGET_NAME)";
				SWIFT_EMIT_LOC_STRINGS = NO;
				SWIFT_VERSION = 5.0;
				TARGETED_DEVICE_FAMILY = "1,2";
				TEST_TARGET_NAME = EMSAP;
			};
			name = Debug;
		};
		BABB207E2BA2B283000ED91A /* Release */ = {
			isa = XCBuildConfiguration;
			buildSettings = {
				ALWAYS_EMBED_SWIFT_STANDARD_LIBRARIES = YES;
				CODE_SIGN_STYLE = Automatic;
				CURRENT_PROJECT_VERSION = 1;
				GENERATE_INFOPLIST_FILE = YES;
				MARKETING_VERSION = 1.0;
				PRODUCT_BUNDLE_IDENTIFIER = com.test.background.EMSAPUITests;
				PRODUCT_NAME = "$(TARGET_NAME)";
				SWIFT_EMIT_LOC_STRINGS = NO;
				SWIFT_VERSION = 5.0;
				TARGETED_DEVICE_FAMILY = "1,2";
				TEST_TARGET_NAME = EMSAP;
			};
			name = Release;
		};
/* End XCBuildConfiguration section */

/* Begin XCConfigurationList section */
		BABB20482BA2B282000ED91A /* Build configuration list for PBXProject "EMSAP" */ = {
			isa = XCConfigurationList;
			buildConfigurations = (
				BABB20742BA2B283000ED91A /* Debug */,
				BABB20752BA2B283000ED91A /* Release */,
			);
			defaultConfigurationIsVisible = 0;
			defaultConfigurationName = Release;
		};
		BABB20762BA2B283000ED91A /* Build configuration list for PBXNativeTarget "EMSAP" */ = {
			isa = XCConfigurationList;
			buildConfigurations = (
				BABB20772BA2B283000ED91A /* Debug */,
				BABB20782BA2B283000ED91A /* Release */,
			);
			defaultConfigurationIsVisible = 0;
			defaultConfigurationName = Release;
		};
		BABB20792BA2B283000ED91A /* Build configuration list for PBXNativeTarget "EMSAPTests" */ = {
			isa = XCConfigurationList;
			buildConfigurations = (
				BABB207A2BA2B283000ED91A /* Debug */,
				BABB207B2BA2B283000ED91A /* Release */,
			);
			defaultConfigurationIsVisible = 0;
			defaultConfigurationName = Release;
		};
		BABB207C2BA2B283000ED91A /* Build configuration list for PBXNativeTarget "EMSAPUITests" */ = {
			isa = XCConfigurationList;
			buildConfigurations = (
				BABB207D2BA2B283000ED91A /* Debug */,
				BABB207E2BA2B283000ED91A /* Release */,
			);
			defaultConfigurationIsVisible = 0;
			defaultConfigurationName = Release;
		};
/* End XCConfigurationList section */

/* Begin XCRemoteSwiftPackageReference section */
		32253AF32BEDE1CC008269D1 /* XCRemoteSwiftPackageReference "firebase-ios-sdk" */ = {
			isa = XCRemoteSwiftPackageReference;
			repositoryURL = "https://github.com/firebase/firebase-ios-sdk";
			requirement = {
				kind = upToNextMajorVersion;
				minimumVersion = 10.25.0;
			};
		};
/* End XCRemoteSwiftPackageReference section */

/* Begin XCSwiftPackageProductDependency section */
		32253AF42BEDE1CC008269D1 /* FirebaseAnalytics */ = {
			isa = XCSwiftPackageProductDependency;
			package = 32253AF32BEDE1CC008269D1 /* XCRemoteSwiftPackageReference "firebase-ios-sdk" */;
			productName = FirebaseAnalytics;
		};
/* End XCSwiftPackageProductDependency section */

/* Begin XCVersionGroup section */
		BABB205B2BA2B283000ED91A /* EMSAP.xcdatamodeld */ = {
			isa = XCVersionGroup;
			children = (
				BABB205C2BA2B283000ED91A /* EMSAP.xcdatamodel */,
			);
			currentVersion = BABB205C2BA2B283000ED91A /* EMSAP.xcdatamodel */;
			path = EMSAP.xcdatamodeld;
			sourceTree = "<group>";
			versionGroupType = wrapper.xcdatamodel;
		};
/* End XCVersionGroup section */
	};
	rootObject = BABB20452BA2B282000ED91A /* Project object */;
}
